
Microsoft Visual Studio Solution File, Format Version 12.00
# Visual Studio 15
VisualStudioVersion = 15.0.26430.16
MinimumVisualStudioVersion = 10.0.40219.1
Project("{FAE04EC0-301F-11D3-BF4B-00C04F79EFBC}") = "ImageButtonDemo", "ImageButtonDemo\ImageButtonDemo\ImageButtonDemo.csproj", "{C21C830F-60F7-4DE3-BDFE-B0C1E48582B2}"
EndProject
Project("{FAE04EC0-301F-11D3-BF4B-00C04F79EFBC}") = "ImageButtonDemo.Droid", "ImageButtonDemo\ImageButtonDemo.Droid\ImageButtonDemo.Droid.csproj", "{27890368-D364-472F-9D94-804CCF44EC29}"
EndProject
Project("{FAE04EC0-301F-11D3-BF4B-00C04F79EFBC}") = "ImageButtonDemo.iOS", "ImageButtonDemo\ImageButtonDemo.iOS\ImageButtonDemo.iOS.csproj", "{A1FACB3B-2AB5-4104-86EA-DF4632D22AAA}"
EndProject
Global
	GlobalSection(SolutionConfigurationPlatforms) = preSolution
		Ad-Hoc|Any CPU = Ad-Hoc|Any CPU
		Ad-Hoc|iPhone = Ad-Hoc|iPhone
		Ad-Hoc|iPhoneSimulator = Ad-Hoc|iPhoneSimulator
		AppStore|Any CPU = AppStore|Any CPU
		AppStore|iPhone = AppStore|iPhone
		AppStore|iPhoneSimulator = AppStore|iPhoneSimulator
		Debug|Any CPU = Debug|Any CPU
		Debug|iPhone = Debug|iPhone
		Debug|iPhoneSimulator = Debug|iPhoneSimulator
		Release|Any CPU = Release|Any CPU
		Release|iPhone = Release|iPhone
		Release|iPhoneSimulator = Release|iPhoneSimulator
	EndGlobalSection
	GlobalSection(ProjectConfigurationPlatforms) = postSolution
		{C21C830F-60F7-4DE3-BDFE-B0C1E48582B2}.Ad-Hoc|Any CPU.ActiveCfg = Release|Any CPU
		{C21C830F-60F7-4DE3-BDFE-B0C1E48582B2}.Ad-Hoc|Any CPU.Build.0 = Release|Any CPU
		{C21C830F-60F7-4DE3-BDFE-B0C1E48582B2}.Ad-Hoc|iPhone.ActiveCfg = Release|Any CPU
		{C21C830F-60F7-4DE3-BDFE-B0C1E48582B2}.Ad-Hoc|iPhone.Build.0 = Release|Any CPU
		{C21C830F-60F7-4DE3-BDFE-B0C1E48582B2}.Ad-Hoc|iPhoneSimulator.ActiveCfg = Release|Any CPU
		{C21C830F-60F7-4DE3-BDFE-B0C1E48582B2}.Ad-Hoc|iPhoneSimulator.Build.0 = Release|Any CPU
		{C21C830F-60F7-4DE3-BDFE-B0C1E48582B2}.AppStore|Any CPU.ActiveCfg = Release|Any CPU
		{C21C830F-60F7-4DE3-BDFE-B0C1E48582B2}.AppStore|Any CPU.Build.0 = Release|Any CPU
		{C21C830F-60F7-4DE3-BDFE-B0C1E48582B2}.AppStore|iPhone.ActiveCfg = Release|Any CPU
		{C21C830F-60F7-4DE3-BDFE-B0C1E48582B2}.AppStore|iPhone.Build.0 = Release|Any CPU
		{C21C830F-60F7-4DE3-BDFE-B0C1E48582B2}.AppStore|iPhoneSimulator.ActiveCfg = Release|Any CPU
		{C21C830F-60F7-4DE3-BDFE-B0C1E48582B2}.AppStore|iPhoneSimulator.Build.0 = Release|Any CPU
		{C21C830F-60F7-4DE3-BDFE-B0C1E48582B2}.Debug|Any CPU.ActiveCfg = Debug|Any CPU
		{C21C830F-60F7-4DE3-BDFE-B0C1E48582B2}.Debug|Any CPU.Build.0 = Debug|Any CPU
		{C21C830F-60F7-4DE3-BDFE-B0C1E48582B2}.Debug|iPhone.ActiveCfg = Debug|Any CPU
		{C21C830F-60F7-4DE3-BDFE-B0C1E48582B2}.Debug|iPhone.Build.0 = Debug|Any CPU
		{C21C830F-60F7-4DE3-BDFE-B0C1E48582B2}.Debug|iPhoneSimulator.ActiveCfg = Debug|Any CPU
		{C21C830F-60F7-4DE3-BDFE-B0C1E48582B2}.Debug|iPhoneSimulator.Build.0 = Debug|Any CPU
		{C21C830F-60F7-4DE3-BDFE-B0C1E48582B2}.Release|Any CPU.ActiveCfg = Release|Any CPU
		{C21C830F-60F7-4DE3-BDFE-B0C1E48582B2}.Release|Any CPU.Build.0 = Release|Any CPU
		{C21C830F-60F7-4DE3-BDFE-B0C1E48582B2}.Release|iPhone.ActiveCfg = Release|Any CPU
		{C21C830F-60F7-4DE3-BDFE-B0C1E48582B2}.Release|iPhone.Build.0 = Release|Any CPU
		{C21C830F-60F7-4DE3-BDFE-B0C1E48582B2}.Release|iPhoneSimulator.ActiveCfg = Release|Any CPU
		{C21C830F-60F7-4DE3-BDFE-B0C1E48582B2}.Release|iPhoneSimulator.Build.0 = Release|Any CPU
		{27890368-D364-472F-9D94-804CCF44EC29}.Ad-Hoc|Any CPU.ActiveCfg = Release|Any CPU
		{27890368-D364-472F-9D94-804CCF44EC29}.Ad-Hoc|Any CPU.Build.0 = Release|Any CPU
		{27890368-D364-472F-9D94-804CCF44EC29}.Ad-Hoc|Any CPU.Deploy.0 = Release|Any CPU
		{27890368-D364-472F-9D94-804CCF44EC29}.Ad-Hoc|iPhone.ActiveCfg = Release|Any CPU
		{27890368-D364-472F-9D94-804CCF44EC29}.Ad-Hoc|iPhone.Build.0 = Release|Any CPU
		{27890368-D364-472F-9D94-804CCF44EC29}.Ad-Hoc|iPhone.Deploy.0 = Release|Any CPU
		{27890368-D364-472F-9D94-804CCF44EC29}.Ad-Hoc|iPhoneSimulator.ActiveCfg = Release|Any CPU
		{27890368-D364-472F-9D94-804CCF44EC29}.Ad-Hoc|iPhoneSimulator.Build.0 = Release|Any CPU
		{27890368-D364-472F-9D94-804CCF44EC29}.Ad-Hoc|iPhoneSimulator.Deploy.0 = Release|Any CPU
		{27890368-D364-472F-9D94-804CCF44EC29}.AppStore|Any CPU.ActiveCfg = Release|Any CPU
		{27890368-D364-472F-9D94-804CCF44EC29}.AppStore|Any CPU.Build.0 = Release|Any CPU
		{27890368-D364-472F-9D94-804CCF44EC29}.AppStore|Any CPU.Deploy.0 = Release|Any CPU
		{27890368-D364-472F-9D94-804CCF44EC29}.AppStore|iPhone.ActiveCfg = Release|Any CPU
		{27890368-D364-472F-9D94-804CCF44EC29}.AppStore|iPhone.Build.0 = Release|Any CPU
		{27890368-D364-472F-9D94-804CCF44EC29}.AppStore|iPhone.Deploy.0 = Release|Any CPU
		{27890368-D364-472F-9D94-804CCF44EC29}.AppStore|iPhoneSimulator.ActiveCfg = Release|Any CPU
		{27890368-D364-472F-9D94-804CCF44EC29}.AppStore|iPhoneSimulator.Build.0 = Release|Any CPU
		{27890368-D364-472F-9D94-804CCF44EC29}.AppStore|iPhoneSimulator.Deploy.0 = Release|Any CPU
		{27890368-D364-472F-9D94-804CCF44EC29}.Debug|Any CPU.ActiveCfg = Debug|Any CPU
		{27890368-D364-472F-9D94-804CCF44EC29}.Debug|Any CPU.Build.0 = Debug|Any CPU
		{27890368-D364-472F-9D94-804CCF44EC29}.Debug|Any CPU.Deploy.0 = Debug|Any CPU
		{27890368-D364-472F-9D94-804CCF44EC29}.Debug|iPhone.ActiveCfg = Debug|Any CPU
		{27890368-D364-472F-9D94-804CCF44EC29}.Debug|iPhone.Build.0 = Debug|Any CPU
		{27890368-D364-472F-9D94-804CCF44EC29}.Debug|iPhone.Deploy.0 = Debug|Any CPU
		{27890368-D364-472F-9D94-804CCF44EC29}.Debug|iPhoneSimulator.ActiveCfg = Debug|Any CPU
		{27890368-D364-472F-9D94-804CCF44EC29}.Debug|iPhoneSimulator.Build.0 = Debug|Any CPU
		{27890368-D364-472F-9D94-804CCF44EC29}.Debug|iPhoneSimulator.Deploy.0 = Debug|Any CPU
		{27890368-D364-472F-9D94-804CCF44EC29}.Release|Any CPU.ActiveCfg = Release|Any CPU
		{27890368-D364-472F-9D94-804CCF44EC29}.Release|Any CPU.Build.0 = Release|Any CPU
		{27890368-D364-472F-9D94-804CCF44EC29}.Release|Any CPU.Deploy.0 = Release|Any CPU
		{27890368-D364-472F-9D94-804CCF44EC29}.Release|iPhone.ActiveCfg = Release|Any CPU
		{27890368-D364-472F-9D94-804CCF44EC29}.Release|iPhone.Build.0 = Release|Any CPU
		{27890368-D364-472F-9D94-804CCF44EC29}.Release|iPhone.Deploy.0 = Release|Any CPU
		{27890368-D364-472F-9D94-804CCF44EC29}.Release|iPhoneSimulator.ActiveCfg = Release|Any CPU
		{27890368-D364-472F-9D94-804CCF44EC29}.Release|iPhoneSimulator.Build.0 = Release|Any CPU
		{27890368-D364-472F-9D94-804CCF44EC29}.Release|iPhoneSimulator.Deploy.0 = Release|Any CPU
		{A1FACB3B-2AB5-4104-86EA-DF4632D22AAA}.Ad-Hoc|Any CPU.ActiveCfg = Ad-Hoc|iPhone
		{A1FACB3B-2AB5-4104-86EA-DF4632D22AAA}.Ad-Hoc|iPhone.ActiveCfg = Ad-Hoc|iPhone
		{A1FACB3B-2AB5-4104-86EA-DF4632D22AAA}.Ad-Hoc|iPhone.Build.0 = Ad-Hoc|iPhone
		{A1FACB3B-2AB5-4104-86EA-DF4632D22AAA}.Ad-Hoc|iPhoneSimulator.ActiveCfg = Ad-Hoc|iPhoneSimulator
		{A1FACB3B-2AB5-4104-86EA-DF4632D22AAA}.Ad-Hoc|iPhoneSimulator.Build.0 = Ad-Hoc|iPhoneSimulator
		{A1FACB3B-2AB5-4104-86EA-DF4632D22AAA}.AppStore|Any CPU.ActiveCfg = AppStore|iPhone
		{A1FACB3B-2AB5-4104-86EA-DF4632D22AAA}.AppStore|iPhone.ActiveCfg = AppStore|iPhone
		{A1FACB3B-2AB5-4104-86EA-DF4632D22AAA}.AppStore|iPhone.Build.0 = AppStore|iPhone
		{A1FACB3B-2AB5-4104-86EA-DF4632D22AAA}.AppStore|iPhoneSimulator.ActiveCfg = AppStore|iPhoneSimulator
		{A1FACB3B-2AB5-4104-86EA-DF4632D22AAA}.AppStore|iPhoneSimulator.Build.0 = AppStore|iPhoneSimulator
		{A1FACB3B-2AB5-4104-86EA-DF4632D22AAA}.Debug|Any CPU.ActiveCfg = Debug|iPhone
		{A1FACB3B-2AB5-4104-86EA-DF4632D22AAA}.Debug|iPhone.ActiveCfg = Debug|iPhone
		{A1FACB3B-2AB5-4104-86EA-DF4632D22AAA}.Debug|iPhone.Build.0 = Debug|iPhone
		{A1FACB3B-2AB5-4104-86EA-DF4632D22AAA}.Debug|iPhoneSimulator.ActiveCfg = Debug|iPhoneSimulator
		{A1FACB3B-2AB5-4104-86EA-DF4632D22AAA}.Debug|iPhoneSimulator.Build.0 = Debug|iPhoneSimulator
		{A1FACB3B-2AB5-4104-86EA-DF4632D22AAA}.Release|Any CPU.ActiveCfg = Release|iPhone
		{A1FACB3B-2AB5-4104-86EA-DF4632D22AAA}.Release|iPhone.ActiveCfg = Release|iPhone
		{A1FACB3B-2AB5-4104-86EA-DF4632D22AAA}.Release|iPhone.Build.0 = Release|iPhone
		{A1FACB3B-2AB5-4104-86EA-DF4632D22AAA}.Release|iPhoneSimulator.ActiveCfg = Release|iPhoneSimulator
		{A1FACB3B-2AB5-4104-86EA-DF4632D22AAA}.Release|iPhoneSimulator.Build.0 = Release|iPhoneSimulator
	EndGlobalSection
	GlobalSection(SolutionProperties) = preSolution
		HideSolutionNode = FALSE
	EndGlobalSection
EndGlobal
